
Microsoft Visual Studio Solution File, Format Version 12.00
# Visual Studio 15
VisualStudioVersion = 15.0.27130.2036
MinimumVisualStudioVersion = 10.0.40219.1
Project("{FAE04EC0-301F-11D3-BF4B-00C04F79EFBC}") = "GitT", "GitT\GitT.csproj", "{9062D38B-A06F-49E3-9910-D75F9AFF55C8}"
EndProject
Project("{FAE04EC0-301F-11D3-BF4B-00C04F79EFBC}") = "Tests", "Tests\Tests.csproj", "{03533D8E-0757-42BA-AD71-AD23BCB6CA92}"
EndProject
Global
	GlobalSection(SolutionConfigurationPlatforms) = preSolution
		Debug|Any CPU = Debug|Any CPU
		Release|Any CPU = Release|Any CPU
	EndGlobalSection
	GlobalSection(ProjectConfigurationPlatforms) = postSolution
		{9062D38B-A06F-49E3-9910-D75F9AFF55C8}.Debug|Any CPU.ActiveCfg = Debug|Any CPU
		{9062D38B-A06F-49E3-9910-D75F9AFF55C8}.Debug|Any CPU.Build.0 = Debug|Any CPU
		{9062D38B-A06F-49E3-9910-D75F9AFF55C8}.Release|Any CPU.ActiveCfg = Release|Any CPU
		{9062D38B-A06F-49E3-9910-D75F9AFF55C8}.Release|Any CPU.Build.0 = Release|Any CPU
		{03533D8E-0757-42BA-AD71-AD23BCB6CA92}.Debug|Any CPU.ActiveCfg = Debug|Any CPU
		{03533D8E-0757-42BA-AD71-AD23BCB6CA92}.Debug|Any CPU.Build.0 = Debug|Any CPU
		{03533D8E-0757-42BA-AD71-AD23BCB6CA92}.Release|Any CPU.ActiveCfg = Release|Any CPU
		{03533D8E-0757-42BA-AD71-AD23BCB6CA92}.Release|Any CPU.Build.0 = Release|Any CPU
	EndGlobalSection
	GlobalSection(SolutionProperties) = preSolution
		HideSolutionNode = FALSE
	EndGlobalSection
	GlobalSection(ExtensibilityGlobals) = postSolution
		SolutionGuid = {C231E1C3-2C6F-4E63-BCAF-1EB581F5FF06}
	EndGlobalSection
EndGlobal
